// !$*UTF8*$!
{
	archiveVersion = 1;
	classes = {
	};
	objectVersion = 46;
	objects = {

/* Begin PBXBuildFile section */
		8255FEC01F070B1900918D23 /* main.m in Sources */ = {isa = PBXBuildFile; fileRef = 8255FEBF1F070B1900918D23 /* main.m */; };
		8255FEC31F070B1900918D23 /* AppDelegate.m in Sources */ = {isa = PBXBuildFile; fileRef = 8255FEC21F070B1900918D23 /* AppDelegate.m */; };
		8255FEC61F070B1900918D23 /* ViewController.m in Sources */ = {isa = PBXBuildFile; fileRef = 8255FEC51F070B1900918D23 /* ViewController.m */; };
		8255FEC91F070B1900918D23 /* Main.storyboard in Resources */ = {isa = PBXBuildFile; fileRef = 8255FEC71F070B1900918D23 /* Main.storyboard */; };
		8255FECB1F070B1900918D23 /* Assets.xcassets in Resources */ = {isa = PBXBuildFile; fileRef = 8255FECA1F070B1900918D23 /* Assets.xcassets */; };
		8255FECE1F070B1900918D23 /* LaunchScreen.storyboard in Resources */ = {isa = PBXBuildFile; fileRef = 8255FECC1F070B1900918D23 /* LaunchScreen.storyboard */; };
		8255FEDB1F070E6200918D23 /* SliderControl.m in Sources */ = {isa = PBXBuildFile; fileRef = 8255FEDA1F070E6200918D23 /* SliderControl.m */; };
		8255FEDD1F070E7500918D23 /* SliderControl.xib in Resources */ = {isa = PBXBuildFile; fileRef = 8255FEDC1F070E7500918D23 /* SliderControl.xib */; };
/* End PBXBuildFile section */

/* Begin PBXFileReference section */
		8255FEBB1F070B1900918D23 /* Slider.app */ = {isa = PBXFileReference; explicitFileType = wrapper.application; includeInIndex = 0; path = Slider.app; sourceTree = BUILT_PRODUCTS_DIR; };
		8255FEBF1F070B1900918D23 /* main.m */ = {isa = PBXFileReference; lastKnownFileType = sourcecode.c.objc; path = main.m; sourceTree = "<group>"; };
		8255FEC11F070B1900918D23 /* AppDelegate.h */ = {isa = PBXFileReference; lastKnownFileType = sourcecode.c.h; path = AppDelegate.h; sourceTree = "<group>"; };
		8255FEC21F070B1900918D23 /* AppDelegate.m */ = {isa = PBXFileReference; lastKnownFileType = sourcecode.c.objc; path = AppDelegate.m; sourceTree = "<group>"; };
		8255FEC41F070B1900918D23 /* ViewController.h */ = {isa = PBXFileReference; lastKnownFileType = sourcecode.c.h; path = ViewController.h; sourceTree = "<group>"; };
		8255FEC51F070B1900918D23 /* ViewController.m */ = {isa = PBXFileReference; lastKnownFileType = sourcecode.c.objc; path = ViewController.m; sourceTree = "<group>"; };
		8255FEC81F070B1900918D23 /* Base */ = {isa = PBXFileReference; lastKnownFileType = file.storyboard; name = Base; path = Base.lproj/Main.storyboard; sourceTree = "<group>"; };
		8255FECA1F070B1900918D23 /* Assets.xcassets */ = {isa = PBXFileReference; lastKnownFileType = folder.assetcatalog; path = Assets.xcassets; sourceTree = "<group>"; };
		8255FECD1F070B1900918D23 /* Base */ = {isa = PBXFileReference; lastKnownFileType = file.storyboard; name = Base; path = Base.lproj/LaunchScreen.storyboard; sourceTree = "<group>"; };
		8255FECF1F070B1900918D23 /* Info.plist */ = {isa = PBXFileReference; lastKnownFileType = text.plist.xml; path = Info.plist; sourceTree = "<group>"; };
		8255FED91F070E6200918D23 /* SliderControl.h */ = {isa = PBXFileReference; fileEncoding = 4; lastKnownFileType = sourcecode.c.h; path = SliderControl.h; sourceTree = "<group>"; };
		8255FEDA1F070E6200918D23 /* SliderControl.m */ = {isa = PBXFileReference; fileEncoding = 4; lastKnownFileType = sourcecode.c.objc; path = SliderControl.m; sourceTree = "<group>"; };
		8255FEDC1F070E7500918D23 /* SliderControl.xib */ = {isa = PBXFileReference; fileEncoding = 4; lastKnownFileType = file.xib; path = SliderControl.xib; sourceTree = "<group>"; };
/* End PBXFileReference section */

/* Begin PBXFrameworksBuildPhase section */
		8255FEB81F070B1900918D23 /* Frameworks */ = {
			isa = PBXFrameworksBuildPhase;
			buildActionMask = 2147483647;
			files = (
			);
			runOnlyForDeploymentPostprocessing = 0;
		};
/* End PBXFrameworksBuildPhase section */

/* Begin PBXGroup section */
		8255FEB21F070B1900918D23 = {
			isa = PBXGroup;
			children = (
				8255FEBD1F070B1900918D23 /* Slider */,
				8255FEBC1F070B1900918D23 /* Products */,
			);
			sourceTree = "<group>";
		};
		8255FEBC1F070B1900918D23 /* Products */ = {
			isa = PBXGroup;
			children = (
				8255FEBB1F070B1900918D23 /* Slider.app */,
			);
			name = Products;
			sourceTree = "<group>";
		};
		8255FEBD1F070B1900918D23 /* Slider */ = {
			isa = PBXGroup;
			children = (
				8255FED81F070E3800918D23 /* SliderControl */,
				8255FED71F070E2E00918D23 /* Controllers */,
				8255FED61F070E1C00918D23 /* Root */,
				8255FED51F070E0E00918D23 /* User Interface */,
				8255FECA1F070B1900918D23 /* Assets.xcassets */,
				8255FEBE1F070B1900918D23 /* Supporting Files */,
			);
			path = Slider;
			sourceTree = "<group>";
		};
		8255FEBE1F070B1900918D23 /* Supporting Files */ = {
			isa = PBXGroup;
			children = (
				8255FEBF1F070B1900918D23 /* main.m */,
			);
			name = "Supporting Files";
			sourceTree = "<group>";
		};
		8255FED51F070E0E00918D23 /* User Interface */ = {
			isa = PBXGroup;
			children = (
				8255FEC71F070B1900918D23 /* Main.storyboard */,
				8255FECC1F070B1900918D23 /* LaunchScreen.storyboard */,
			);
			name = "User Interface";
			sourceTree = "<group>";
		};
		8255FED61F070E1C00918D23 /* Root */ = {
			isa = PBXGroup;
			children = (
				8255FECF1F070B1900918D23 /* Info.plist */,
				8255FEC11F070B1900918D23 /* AppDelegate.h */,
				8255FEC21F070B1900918D23 /* AppDelegate.m */,
			);
			name = Root;
			sourceTree = "<group>";
		};
		8255FED71F070E2E00918D23 /* Controllers */ = {
			isa = PBXGroup;
			children = (
				8255FEC41F070B1900918D23 /* ViewController.h */,
				8255FEC51F070B1900918D23 /* ViewController.m */,
			);
			name = Controllers;
			sourceTree = "<group>";
		};
		8255FED81F070E3800918D23 /* SliderControl */ = {
			isa = PBXGroup;
			children = (
				8255FED91F070E6200918D23 /* SliderControl.h */,
				8255FEDA1F070E6200918D23 /* SliderControl.m */,
				8255FEDC1F070E7500918D23 /* SliderControl.xib */,
			);
			name = SliderControl;
			sourceTree = "<group>";
		};
/* End PBXGroup section */

/* Begin PBXNativeTarget section */
		8255FEBA1F070B1900918D23 /* Slider */ = {
			isa = PBXNativeTarget;
			buildConfigurationList = 8255FED21F070B1900918D23 /* Build configuration list for PBXNativeTarget "Slider" */;
			buildPhases = (
				8255FEB71F070B1900918D23 /* Sources */,
				8255FEB81F070B1900918D23 /* Frameworks */,
				8255FEB91F070B1900918D23 /* Resources */,
			);
			buildRules = (
			);
			dependencies = (
			);
			name = Slider;
			productName = Slider;
			productReference = 8255FEBB1F070B1900918D23 /* Slider.app */;
			productType = "com.apple.product-type.application";
		};
/* End PBXNativeTarget section */

/* Begin PBXProject section */
		8255FEB31F070B1900918D23 /* Project object */ = {
			isa = PBXProject;
			attributes = {
				LastUpgradeCheck = 0830;
				ORGANIZATIONNAME = MAS;
				TargetAttributes = {
					8255FEBA1F070B1900918D23 = {
						CreatedOnToolsVersion = 8.3.1;
						DevelopmentTeam = 56H63D8DA5;
						ProvisioningStyle = Automatic;
					};
				};
			};
			buildConfigurationList = 8255FEB61F070B1900918D23 /* Build configuration list for PBXProject "Slider" */;
			compatibilityVersion = "Xcode 3.2";
			developmentRegion = English;
			hasScannedForEncodings = 0;
			knownRegions = (
				en,
				Base,
			);
			mainGroup = 8255FEB21F070B1900918D23;
			productRefGroup = 8255FEBC1F070B1900918D23 /* Products */;
			projectDirPath = "";
			projectRoot = "";
			targets = (
				8255FEBA1F070B1900918D23 /* Slider */,
			);
		};
/* End PBXProject section */

/* Begin PBXResourcesBuildPhase section */
		8255FEB91F070B1900918D23 /* Resources */ = {
			isa = PBXResourcesBuildPhase;
			buildActionMask = 2147483647;
			files = (
				8255FECE1F070B1900918D23 /* LaunchScreen.storyboard in Resources */,
				8255FECB1F070B1900918D23 /* Assets.xcassets in Resources */,
				8255FEDD1F070E7500918D23 /* SliderControl.xib in Resources */,
				8255FEC91F070B1900918D23 /* Main.storyboard in Resources */,
			);
			runOnlyForDeploymentPostprocessing = 0;
		};
/* End PBXResourcesBuildPhase section */

/* Begin PBXSourcesBuildPhase section */
		8255FEB71F070B1900918D23 /* Sources */ = {
			isa = PBXSourcesBuildPhase;
			buildActionMask = 2147483647;
			files = (
				8255FEC61F070B1900918D23 /* ViewController.m in Sources */,
				8255FEC31F070B1900918D23 /* AppDelegate.m in Sources */,
				8255FEDB1F070E6200918D23 /* SliderControl.m in Sources */,
				8255FEC01F070B1900918D23 /* main.m in Sources */,
			);
			runOnlyForDeploymentPostprocessing = 0;
		};
/* End PBXSourcesBuildPhase section */

/* Begin PBXVariantGroup section */
		8255FEC71F070B1900918D23 /* Main.storyboard */ = {
			isa = PBXVariantGroup;
			children = (
				8255FEC81F070B1900918D23 /* Base */,
			);
			name = Main.storyboard;
			sourceTree = "<group>";
		};
		8255FECC1F070B1900918D23 /* LaunchScreen.storyboard */ = {
			isa = PBXVariantGroup;
			children = (
				8255FECD1F070B1900918D23 /* Base */,
			);
			name = LaunchScreen.storyboard;
			sourceTree = "<group>";
		};
/* End PBXVariantGroup section */

/* Begin XCBuildConfiguration section */
		8255FED01F070B1900918D23 /* Debug */ = {
			isa = XCBuildConfiguration;
			buildSettings = {
				ALWAYS_SEARCH_USER_PATHS = NO;
				CLANG_ANALYZER_NONNULL = YES;
				CLANG_ANALYZER_NUMBER_OBJECT_CONVERSION = YES_AGGRESSIVE;
				CLANG_CXX_LANGUAGE_STANDARD = "gnu++0x";
				CLANG_CXX_LIBRARY = "libc++";
				CLANG_ENABLE_MODULES = YES;
				CLANG_ENABLE_OBJC_ARC = YES;
				CLANG_WARN_BOOL_CONVERSION = YES;
				CLANG_WARN_CONSTANT_CONVERSION = YES;
				CLANG_WARN_DIRECT_OBJC_ISA_USAGE = YES_ERROR;
				CLANG_WARN_DOCUMENTATION_COMMENTS = YES;
				CLANG_WARN_EMPTY_BODY = YES;
				CLANG_WARN_ENUM_CONVERSION = YES;
				CLANG_WARN_INFINITE_RECURSION = YES;
				CLANG_WARN_INT_CONVERSION = YES;
				CLANG_WARN_OBJC_ROOT_CLASS = YES_ERROR;
				CLANG_WARN_SUSPICIOUS_MOVE = YES;
				CLANG_WARN_UNREACHABLE_CODE = YES;
				CLANG_WARN__DUPLICATE_METHOD_MATCH = YES;
				"CODE_SIGN_IDENTITY[sdk=iphoneos*]" = "iPhone Developer";
				COPY_PHASE_STRIP = NO;
				DEBUG_INFORMATION_FORMAT = dwarf;
				ENABLE_STRICT_OBJC_MSGSEND = YES;
				ENABLE_TESTABILITY = YES;
				GCC_C_LANGUAGE_STANDARD = gnu99;
				GCC_DYNAMIC_NO_PIC = NO;
				GCC_NO_COMMON_BLOCKS = YES;
				GCC_OPTIMIZATION_LEVEL = 0;
				GCC_PREPROCESSOR_DEFINITIONS = (
					"DEBUG=1",
					"$(inherited)",
				);
				GCC_WARN_64_TO_32_BIT_CONVERSION = YES;
				GCC_WARN_ABOUT_RETURN_TYPE = YES_ERROR;
				GCC_WARN_UNDECLARED_SELECTOR = YES;
				GCC_WARN_UNINITIALIZED_AUTOS = YES_AGGRESSIVE;
				GCC_WARN_UNUSED_FUNCTION = YES;
				GCC_WARN_UNUSED_VARIABLE = YES;
				IPHONEOS_DEPLOYMENT_TARGET = 10.3;
				MTL_ENABLE_DEBUG_INFO = YES;
				ONLY_ACTIVE_ARCH = YES;
				SDKROOT = iphoneos;
			};
			name = Debug;
		};
		8255FED11F070B1900918D23 /* Release */ = {
			isa = XCBuildConfiguration;
			buildSettings = {
				ALWAYS_SEARCH_USER_PATHS = NO;
				CLANG_ANALYZER_NONNULL = YES;
				CLANG_ANALYZER_NUMBER_OBJECT_CONVERSION = YES_AGGRESSIVE;
				CLANG_CXX_LANGUAGE_STANDARD = "gnu++0x";
				CLANG_CXX_LIBRARY = "libc++";
				CLANG_ENABLE_MODULES = YES;
				CLANG_ENABLE_OBJC_ARC = YES;
				CLANG_WARN_BOOL_CONVERSION = YES;
				CLANG_WARN_CONSTANT_CONVERSION = YES;
				CLANG_WARN_DIRECT_OBJC_ISA_USAGE = YES_ERROR;
				CLANG_WARN_DOCUMENTATION_COMMENTS = YES;
				CLANG_WARN_EMPTY_BODY = YES;
				CLANG_WARN_ENUM_CONVERSION = YES;
				CLANG_WARN_INFINITE_RECURSION = YES;
				CLANG_WARN_INT_CONVERSION = YES;
				CLANG_WARN_OBJC_ROOT_CLASS = YES_ERROR;
				CLANG_WARN_SUSPICIOUS_MOVE = YES;
				CLANG_WARN_UNREACHABLE_CODE = YES;
				CLANG_WARN__DUPLICATE_METHOD_MATCH = YES;
				"CODE_SIGN_IDENTITY[sdk=iphoneos*]" = "iPhone Developer";
				COPY_PHASE_STRIP = NO;
				DEBUG_INFORMATION_FORMAT = "dwarf-with-dsym";
				ENABLE_NS_ASSERTIONS = NO;
				ENABLE_STRICT_OBJC_MSGSEND = YES;
				GCC_C_LANGUAGE_STANDARD = gnu99;
				GCC_NO_COMMON_BLOCKS = YES;
				GCC_WARN_64_TO_32_BIT_CONVERSION = YES;
				GCC_WARN_ABOUT_RETURN_TYPE = YES_ERROR;
				GCC_WARN_UNDECLARED_SELECTOR = YES;
				GCC_WARN_UNINITIALIZED_AUTOS = YES_AGGRESSIVE;
				GCC_WARN_UNUSED_FUNCTION = YES;
				GCC_WARN_UNUSED_VARIABLE = YES;
				IPHONEOS_DEPLOYMENT_TARGET = 10.3;
				MTL_ENABLE_DEBUG_INFO = NO;
				SDKROOT = iphoneos;
				VALIDATE_PRODUCT = YES;
			};
			name = Release;
		};
		8255FED31F070B1900918D23 /* Debug */ = {
			isa = XCBuildConfiguration;
			buildSettings = {
				ASSETCATALOG_COMPILER_APPICON_NAME = AppIcon;
				DEVELOPMENT_TEAM = 56H63D8DA5;
				INFOPLIST_FILE = Slider/Info.plist;
				LD_RUNPATH_SEARCH_PATHS = "$(inherited) @executable_path/Frameworks";
				PRODUCT_BUNDLE_IDENTIFIER = MAS.Slider;
				PRODUCT_NAME = "$(TARGET_NAME)";
			};
			name = Debug;
		};
		8255FED41F070B1900918D23 /* Release */ = {
			isa = XCBuildConfiguration;
			buildSettings = {
				ASSETCATALOG_COMPILER_APPICON_NAME = AppIcon;
				DEVELOPMENT_TEAM = 56H63D8DA5;
				INFOPLIST_FILE = Slider/Info.plist;
				LD_RUNPATH_SEARCH_PATHS = "$(inherited) @executable_path/Frameworks";
				PRODUCT_BUNDLE_IDENTIFIER = MAS.Slider;
				PRODUCT_NAME = "$(TARGET_NAME)";
			};
			name = Release;
		};
/* End XCBuildConfiguration section */

/* Begin XCConfigurationList section */
		8255FEB61F070B1900918D23 /* Build configuration list for PBXProject "Slider" */ = {
			isa = XCConfigurationList;
			buildConfigurations = (
				8255FED01F070B1900918D23 /* Debug */,
				8255FED11F070B1900918D23 /* Release */,
			);
			defaultConfigurationIsVisible = 0;
			defaultConfigurationName = Release;
		};
		8255FED21F070B1900918D23 /* Build configuration list for PBXNativeTarget "Slider" */ = {
			isa = XCConfigurationList;
			buildConfigurations = (
				8255FED31F070B1900918D23 /* Debug */,
				8255FED41F070B1900918D23 /* Release */,
			);
			defaultConfigurationIsVisible = 0;
		};
/* End XCConfigurationList section */
	};
	rootObject = 8255FEB31F070B1900918D23 /* Project object */;
}
